// !$*UTF8*$!
{
	archiveVersion = 1;
	classes = {
	};
	objectVersion = 50;
	objects = {

/* Begin PBXBuildFile section */
		650C19B826C4052900B44191 /* AppDelegate.swift in Sources */ = {isa = PBXBuildFile; fileRef = 650C19B726C4052900B44191 /* AppDelegate.swift */; };
		650C19BA26C4052900B44191 /* SceneDelegate.swift in Sources */ = {isa = PBXBuildFile; fileRef = 650C19B926C4052900B44191 /* SceneDelegate.swift */; };
		650C19BC26C4052900B44191 /* ViewController.swift in Sources */ = {isa = PBXBuildFile; fileRef = 650C19BB26C4052900B44191 /* ViewController.swift */; };
		650C19BF26C4052900B44191 /* Main.storyboard in Resources */ = {isa = PBXBuildFile; fileRef = 650C19BD26C4052900B44191 /* Main.storyboard */; };
		650C19C226C4052900B44191 /* TestingProject.xcdatamodeld in Sources */ = {isa = PBXBuildFile; fileRef = 650C19C026C4052900B44191 /* TestingProject.xcdatamodeld */; };
		650C19C426C4052B00B44191 /* Assets.xcassets in Resources */ = {isa = PBXBuildFile; fileRef = 650C19C326C4052B00B44191 /* Assets.xcassets */; };
		650C19C726C4052B00B44191 /* LaunchScreen.storyboard in Resources */ = {isa = PBXBuildFile; fileRef = 650C19C526C4052B00B44191 /* LaunchScreen.storyboard */; };
		650C19D226C4052C00B44191 /* TestingProjectTests.swift in Sources */ = {isa = PBXBuildFile; fileRef = 650C19D126C4052C00B44191 /* TestingProjectTests.swift */; };
		650C19DD26C4052C00B44191 /* TestingProjectUITests.swift in Sources */ = {isa = PBXBuildFile; fileRef = 650C19DC26C4052C00B44191 /* TestingProjectUITests.swift */; };
/* End PBXBuildFile section */

/* Begin PBXContainerItemProxy section */
		650C19CE26C4052C00B44191 /* PBXContainerItemProxy */ = {
			isa = PBXContainerItemProxy;
			containerPortal = 650C19AC26C4052900B44191 /* Project object */;
			proxyType = 1;
			remoteGlobalIDString = 650C19B326C4052900B44191;
			remoteInfo = TestingProject;
		};
		650C19D926C4052C00B44191 /* PBXContainerItemProxy */ = {
			isa = PBXContainerItemProxy;
			containerPortal = 650C19AC26C4052900B44191 /* Project object */;
			proxyType = 1;
			remoteGlobalIDString = 650C19B326C4052900B44191;
			remoteInfo = TestingProject;
		};
/* End PBXContainerItemProxy section */

/* Begin PBXFileReference section */
		650C19B426C4052900B44191 /* TestingProject.app */ = {isa = PBXFileReference; explicitFileType = wrapper.application; includeInIndex = 0; path = TestingProject.app; sourceTree = BUILT_PRODUCTS_DIR; };
		650C19B726C4052900B44191 /* AppDelegate.swift */ = {isa = PBXFileReference; lastKnownFileType = sourcecode.swift; path = AppDelegate.swift; sourceTree = "<group>"; };
		650C19B926C4052900B44191 /* SceneDelegate.swift */ = {isa = PBXFileReference; lastKnownFileType = sourcecode.swift; path = SceneDelegate.swift; sourceTree = "<group>"; };
		650C19BB26C4052900B44191 /* ViewController.swift */ = {isa = PBXFileReference; lastKnownFileType = sourcecode.swift; path = ViewController.swift; sourceTree = "<group>"; };
		650C19BE26C4052900B44191 /* Base */ = {isa = PBXFileReference; lastKnownFileType = file.storyboard; name = Base; path = Base.lproj/Main.storyboard; sourceTree = "<group>"; };
		650C19C126C4052900B44191 /* TestingProject.xcdatamodel */ = {isa = PBXFileReference; lastKnownFileType = wrapper.xcdatamodel; path = TestingProject.xcdatamodel; sourceTree = "<group>"; };
		650C19C326C4052B00B44191 /* Assets.xcassets */ = {isa = PBXFileReference; lastKnownFileType = folder.assetcatalog; path = Assets.xcassets; sourceTree = "<group>"; };
		650C19C626C4052B00B44191 /* Base */ = {isa = PBXFileReference; lastKnownFileType = file.storyboard; name = Base; path = Base.lproj/LaunchScreen.storyboard; sourceTree = "<group>"; };
		650C19C826C4052B00B44191 /* Info.plist */ = {isa = PBXFileReference; lastKnownFileType = text.plist.xml; path = Info.plist; sourceTree = "<group>"; };
		650C19CD26C4052C00B44191 /* TestingProjectTests.xctest */ = {isa = PBXFileReference; explicitFileType = wrapper.cfbundle; includeInIndex = 0; path = TestingProjectTests.xctest; sourceTree = BUILT_PRODUCTS_DIR; };
		650C19D126C4052C00B44191 /* TestingProjectTests.swift */ = {isa = PBXFileReference; lastKnownFileType = sourcecode.swift; path = TestingProjectTests.swift; sourceTree = "<group>"; };
		650C19D326C4052C00B44191 /* Info.plist */ = {isa = PBXFileReference; lastKnownFileType = text.plist.xml; path = Info.plist; sourceTree = "<group>"; };
		650C19D826C4052C00B44191 /* TestingProjectUITests.xctest */ = {isa = PBXFileReference; explicitFileType = wrapper.cfbundle; includeInIndex = 0; path = TestingProjectUITests.xctest; sourceTree = BUILT_PRODUCTS_DIR; };
		650C19DC26C4052C00B44191 /* TestingProjectUITests.swift */ = {isa = PBXFileReference; lastKnownFileType = sourcecode.swift; path = TestingProjectUITests.swift; sourceTree = "<group>"; };
		650C19DE26C4052C00B44191 /* Info.plist */ = {isa = PBXFileReference; lastKnownFileType = text.plist.xml; path = Info.plist; sourceTree = "<group>"; };
/* End PBXFileReference section */

/* Begin PBXFrameworksBuildPhase section */
		650C19B126C4052900B44191 /* Frameworks */ = {
			isa = PBXFrameworksBuildPhase;
			buildActionMask = 2147483647;
			files = (
			);
			runOnlyForDeploymentPostprocessing = 0;
		};
		650C19CA26C4052C00B44191 /* Frameworks */ = {
			isa = PBXFrameworksBuildPhase;
			buildActionMask = 2147483647;
			files = (
			);
			runOnlyForDeploymentPostprocessing = 0;
		};
		650C19D526C4052C00B44191 /* Frameworks */ = {
			isa = PBXFrameworksBuildPhase;
			buildActionMask = 2147483647;
			files = (
			);
			runOnlyForDeploymentPostprocessing = 0;
		};
/* End PBXFrameworksBuildPhase section */

/* Begin PBXGroup section */
		650C19AB26C4052900B44191 = {
			isa = PBXGroup;
			children = (
				650C19B626C4052900B44191 /* TestingProject */,
				650C19D026C4052C00B44191 /* TestingProjectTests */,
				650C19DB26C4052C00B44191 /* TestingProjectUITests */,
				650C19B526C4052900B44191 /* Products */,
			);
			sourceTree = "<group>";
		};
		650C19B526C4052900B44191 /* Products */ = {
			isa = PBXGroup;
			children = (
				650C19B426C4052900B44191 /* TestingProject.app */,
				650C19CD26C4052C00B44191 /* TestingProjectTests.xctest */,
				650C19D826C4052C00B44191 /* TestingProjectUITests.xctest */,
			);
			name = Products;
			sourceTree = "<group>";
		};
		650C19B626C4052900B44191 /* TestingProject */ = {
			isa = PBXGroup;
			children = (
				650C19B726C4052900B44191 /* AppDelegate.swift */,
				650C19B926C4052900B44191 /* SceneDelegate.swift */,
				650C19BB26C4052900B44191 /* ViewController.swift */,
				650C19BD26C4052900B44191 /* Main.storyboard */,
				650C19C326C4052B00B44191 /* Assets.xcassets */,
				650C19C526C4052B00B44191 /* LaunchScreen.storyboard */,
				650C19C826C4052B00B44191 /* Info.plist */,
				650C19C026C4052900B44191 /* TestingProject.xcdatamodeld */,
			);
			path = TestingProject;
			sourceTree = "<group>";
		};
		650C19D026C4052C00B44191 /* TestingProjectTests */ = {
			isa = PBXGroup;
			children = (
				650C19D126C4052C00B44191 /* TestingProjectTests.swift */,
				650C19D326C4052C00B44191 /* Info.plist */,
			);
			path = TestingProjectTests;
			sourceTree = "<group>";
		};
		650C19DB26C4052C00B44191 /* TestingProjectUITests */ = {
			isa = PBXGroup;
			children = (
				650C19DC26C4052C00B44191 /* TestingProjectUITests.swift */,
				650C19DE26C4052C00B44191 /* Info.plist */,
			);
			path = TestingProjectUITests;
			sourceTree = "<group>";
		};
/* End PBXGroup section */

/* Begin PBXNativeTarget section */
		650C19B326C4052900B44191 /* TestingProject */ = {
			isa = PBXNativeTarget;
			buildConfigurationList = 650C19E126C4052C00B44191 /* Build configuration list for PBXNativeTarget "TestingProject" */;
			buildPhases = (
				650C19B026C4052900B44191 /* Sources */,
				650C19B126C4052900B44191 /* Frameworks */,
				650C19B226C4052900B44191 /* Resources */,
			);
			buildRules = (
			);
			dependencies = (
			);
			name = TestingProject;
			productName = TestingProject;
			productReference = 650C19B426C4052900B44191 /* TestingProject.app */;
			productType = "com.apple.product-type.application";
		};
		650C19CC26C4052C00B44191 /* TestingProjectTests */ = {
			isa = PBXNativeTarget;
			buildConfigurationList = 650C19E426C4052C00B44191 /* Build configuration list for PBXNativeTarget "TestingProjectTests" */;
			buildPhases = (
				650C19C926C4052C00B44191 /* Sources */,
				650C19CA26C4052C00B44191 /* Frameworks */,
				650C19CB26C4052C00B44191 /* Resources */,
			);
			buildRules = (
			);
			dependencies = (
				650C19CF26C4052C00B44191 /* PBXTargetDependency */,
			);
			name = TestingProjectTests;
			productName = TestingProjectTests;
			productReference = 650C19CD26C4052C00B44191 /* TestingProjectTests.xctest */;
			productType = "com.apple.product-type.bundle.unit-test";
		};
		650C19D726C4052C00B44191 /* TestingProjectUITests */ = {
			isa = PBXNativeTarget;
			buildConfigurationList = 650C19E726C4052C00B44191 /* Build configuration list for PBXNativeTarget "TestingProjectUITests" */;
			buildPhases = (
				650C19D426C4052C00B44191 /* Sources */,
				650C19D526C4052C00B44191 /* Frameworks */,
				650C19D626C4052C00B44191 /* Resources */,
			);
			buildRules = (
			);
			dependencies = (
				650C19DA26C4052C00B44191 /* PBXTargetDependency */,
			);
			name = TestingProjectUITests;
			productName = TestingProjectUITests;
			productReference = 650C19D826C4052C00B44191 /* TestingProjectUITests.xctest */;
			productType = "com.apple.product-type.bundle.ui-testing";
		};
/* End PBXNativeTarget section */

/* Begin PBXProject section */
		650C19AC26C4052900B44191 /* Project object */ = {
			isa = PBXProject;
			attributes = {
				LastSwiftUpdateCheck = 1250;
				LastUpgradeCheck = 1250;
				TargetAttributes = {
					650C19B326C4052900B44191 = {
						CreatedOnToolsVersion = 12.5.1;
					};
					650C19CC26C4052C00B44191 = {
						CreatedOnToolsVersion = 12.5.1;
						TestTargetID = 650C19B326C4052900B44191;
					};
					650C19D726C4052C00B44191 = {
						CreatedOnToolsVersion = 12.5.1;
						TestTargetID = 650C19B326C4052900B44191;
					};
				};
			};
			buildConfigurationList = 650C19AF26C4052900B44191 /* Build configuration list for PBXProject "TestingProject" */;
			compatibilityVersion = "Xcode 9.3";
			developmentRegion = en;
			hasScannedForEncodings = 0;
			knownRegions = (
				en,
				Base,
			);
			mainGroup = 650C19AB26C4052900B44191;
			productRefGroup = 650C19B526C4052900B44191 /* Products */;
			projectDirPath = "";
			projectRoot = "";
			targets = (
				650C19B326C4052900B44191 /* TestingProject */,
				650C19CC26C4052C00B44191 /* TestingProjectTests */,
				650C19D726C4052C00B44191 /* TestingProjectUITests */,
			);
		};
/* End PBXProject section */

/* Begin PBXResourcesBuildPhase section */
		650C19B226C4052900B44191 /* Resources */ = {
			isa = PBXResourcesBuildPhase;
			buildActionMask = 2147483647;
			files = (
				650C19C726C4052B00B44191 /* LaunchScreen.storyboard in Resources */,
				650C19C426C4052B00B44191 /* Assets.xcassets in Resources */,
				650C19BF26C4052900B44191 /* Main.storyboard in Resources */,
			);
			runOnlyForDeploymentPostprocessing = 0;
		};
		650C19CB26C4052C00B44191 /* Resources */ = {
			isa = PBXResourcesBuildPhase;
			buildActionMask = 2147483647;
			files = (
			);
			runOnlyForDeploymentPostprocessing = 0;
		};
		650C19D626C4052C00B44191 /* Resources */ = {
			isa = PBXResourcesBuildPhase;
			buildActionMask = 2147483647;
			files = (
			);
			runOnlyForDeploymentPostprocessing = 0;
		};
/* End PBXResourcesBuildPhase section */

/* Begin PBXSourcesBuildPhase section */
		650C19B026C4052900B44191 /* Sources */ = {
			isa = PBXSourcesBuildPhase;
			buildActionMask = 2147483647;
			files = (
				650C19C226C4052900B44191 /* TestingProject.xcdatamodeld in Sources */,
				650C19BC26C4052900B44191 /* ViewController.swift in Sources */,
				650C19B826C4052900B44191 /* AppDelegate.swift in Sources */,
				650C19BA26C4052900B44191 /* SceneDelegate.swift in Sources */,
			);
			runOnlyForDeploymentPostprocessing = 0;
		};
		650C19C926C4052C00B44191 /* Sources */ = {
			isa = PBXSourcesBuildPhase;
			buildActionMask = 2147483647;
			files = (
				650C19D226C4052C00B44191 /* TestingProjectTests.swift in Sources */,
			);
			runOnlyForDeploymentPostprocessing = 0;
		};
		650C19D426C4052C00B44191 /* Sources */ = {
			isa = PBXSourcesBuildPhase;
			buildActionMask = 2147483647;
			files = (
				650C19DD26C4052C00B44191 /* TestingProjectUITests.swift in Sources */,
			);
			runOnlyForDeploymentPostprocessing = 0;
		};
/* End PBXSourcesBuildPhase section */

/* Begin PBXTargetDependency section */
		650C19CF26C4052C00B44191 /* PBXTargetDependency */ = {
			isa = PBXTargetDependency;
			target = 650C19B326C4052900B44191 /* TestingProject */;
			targetProxy = 650C19CE26C4052C00B44191 /* PBXContainerItemProxy */;
		};
		650C19DA26C4052C00B44191 /* PBXTargetDependency */ = {
			isa = PBXTargetDependency;
			target = 650C19B326C4052900B44191 /* TestingProject */;
			targetProxy = 650C19D926C4052C00B44191 /* PBXContainerItemProxy */;
		};
/* End PBXTargetDependency section */

/* Begin PBXVariantGroup section */
		650C19BD26C4052900B44191 /* Main.storyboard */ = {
			isa = PBXVariantGroup;
			children = (
				650C19BE26C4052900B44191 /* Base */,
			);
			name = Main.storyboard;
			sourceTree = "<group>";
		};
		650C19C526C4052B00B44191 /* LaunchScreen.storyboard */ = {
			isa = PBXVariantGroup;
			children = (
				650C19C626C4052B00B44191 /* Base */,
			);
			name = LaunchScreen.storyboard;
			sourceTree = "<group>";
		};
/* End PBXVariantGroup section */

/* Begin XCBuildConfiguration section */
		650C19DF26C4052C00B44191 /* Debug */ = {
			isa = XCBuildConfiguration;
			buildSettings = {
				ALWAYS_SEARCH_USER_PATHS = NO;
				CLANG_ANALYZER_NONNULL = YES;
				CLANG_ANALYZER_NUMBER_OBJECT_CONVERSION = YES_AGGRESSIVE;
				CLANG_CXX_LANGUAGE_STANDARD = "gnu++14";
				CLANG_CXX_LIBRARY = "libc++";
				CLANG_ENABLE_MODULES = YES;
				CLANG_ENABLE_OBJC_ARC = YES;
				CLANG_ENABLE_OBJC_WEAK = YES;
				CLANG_WARN_BLOCK_CAPTURE_AUTORELEASING = YES;
				CLANG_WARN_BOOL_CONVERSION = YES;
				CLANG_WARN_COMMA = YES;
				CLANG_WARN_CONSTANT_CONVERSION = YES;
				CLANG_WARN_DEPRECATED_OBJC_IMPLEMENTATIONS = YES;
				CLANG_WARN_DIRECT_OBJC_ISA_USAGE = YES_ERROR;
				CLANG_WARN_DOCUMENTATION_COMMENTS = YES;
				CLANG_WARN_EMPTY_BODY = YES;
				CLANG_WARN_ENUM_CONVERSION = YES;
				CLANG_WARN_INFINITE_RECURSION = YES;
				CLANG_WARN_INT_CONVERSION = YES;
				CLANG_WARN_NON_LITERAL_NULL_CONVERSION = YES;
				CLANG_WARN_OBJC_IMPLICIT_RETAIN_SELF = YES;
				CLANG_WARN_OBJC_LITERAL_CONVERSION = YES;
				CLANG_WARN_OBJC_ROOT_CLASS = YES_ERROR;
				CLANG_WARN_QUOTED_INCLUDE_IN_FRAMEWORK_HEADER = YES;
				CLANG_WARN_RANGE_LOOP_ANALYSIS = YES;
				CLANG_WARN_STRICT_PROTOTYPES = YES;
				CLANG_WARN_SUSPICIOUS_MOVE = YES;
				CLANG_WARN_UNGUARDED_AVAILABILITY = YES_AGGRESSIVE;
				CLANG_WARN_UNREACHABLE_CODE = YES;
				CLANG_WARN__DUPLICATE_METHOD_MATCH = YES;
				COPY_PHASE_STRIP = NO;
				DEBUG_INFORMATION_FORMAT = dwarf;
				ENABLE_STRICT_OBJC_MSGSEND = YES;
				ENABLE_TESTABILITY = YES;
				GCC_C_LANGUAGE_STANDARD = gnu11;
				GCC_DYNAMIC_NO_PIC = NO;
				GCC_NO_COMMON_BLOCKS = YES;
				GCC_OPTIMIZATION_LEVEL = 0;
				GCC_PREPROCESSOR_DEFINITIONS = (
					"DEBUG=1",
					"$(inherited)",
				);
				GCC_WARN_64_TO_32_BIT_CONVERSION = YES;
				GCC_WARN_ABOUT_RETURN_TYPE = YES_ERROR;
				GCC_WARN_UNDECLARED_SELECTOR = YES;
				GCC_WARN_UNINITIALIZED_AUTOS = YES_AGGRESSIVE;
				GCC_WARN_UNUSED_FUNCTION = YES;
				GCC_WARN_UNUSED_VARIABLE = YES;
				IPHONEOS_DEPLOYMENT_TARGET = 14.5;
				MTL_ENABLE_DEBUG_INFO = INCLUDE_SOURCE;
				MTL_FAST_MATH = YES;
				ONLY_ACTIVE_ARCH = YES;
				SDKROOT = iphoneos;
				SWIFT_ACTIVE_COMPILATION_CONDITIONS = DEBUG;
				SWIFT_OPTIMIZATION_LEVEL = "-Onone";
			};
			name = Debug;
		};
		650C19E026C4052C00B44191 /* Release */ = {
			isa = XCBuildConfiguration;
			buildSettings = {
				ALWAYS_SEARCH_USER_PATHS = NO;
				CLANG_ANALYZER_NONNULL = YES;
				CLANG_ANALYZER_NUMBER_OBJECT_CONVERSION = YES_AGGRESSIVE;
				CLANG_CXX_LANGUAGE_STANDARD = "gnu++14";
				CLANG_CXX_LIBRARY = "libc++";
				CLANG_ENABLE_MODULES = YES;
				CLANG_ENABLE_OBJC_ARC = YES;
				CLANG_ENABLE_OBJC_WEAK = YES;
				CLANG_WARN_BLOCK_CAPTURE_AUTORELEASING = YES;
				CLANG_WARN_BOOL_CONVERSION = YES;
				CLANG_WARN_COMMA = YES;
				CLANG_WARN_CONSTANT_CONVERSION = YES;
				CLANG_WARN_DEPRECATED_OBJC_IMPLEMENTATIONS = YES;
				CLANG_WARN_DIRECT_OBJC_ISA_USAGE = YES_ERROR;
				CLANG_WARN_DOCUMENTATION_COMMENTS = YES;
				CLANG_WARN_EMPTY_BODY = YES;
				CLANG_WARN_ENUM_CONVERSION = YES;
				CLANG_WARN_INFINITE_RECURSION = YES;
				CLANG_WARN_INT_CONVERSION = YES;
				CLANG_WARN_NON_LITERAL_NULL_CONVERSION = YES;
				CLANG_WARN_OBJC_IMPLICIT_RETAIN_SELF = YES;
				CLANG_WARN_OBJC_LITERAL_CONVERSION = YES;
				CLANG_WARN_OBJC_ROOT_CLASS = YES_ERROR;
				CLANG_WARN_QUOTED_INCLUDE_IN_FRAMEWORK_HEADER = YES;
				CLANG_WARN_RANGE_LOOP_ANALYSIS = YES;
				CLANG_WARN_STRICT_PROTOTYPES = YES;
				CLANG_WARN_SUSPICIOUS_MOVE = YES;
				CLANG_WARN_UNGUARDED_AVAILABILITY = YES_AGGRESSIVE;
				CLANG_WARN_UNREACHABLE_CODE = YES;
				CLANG_WARN__DUPLICATE_METHOD_MATCH = YES;
				COPY_PHASE_STRIP = NO;
				DEBUG_INFORMATION_FORMAT = "dwarf-with-dsym";
				ENABLE_NS_ASSERTIONS = NO;
				ENABLE_STRICT_OBJC_MSGSEND = YES;
				GCC_C_LANGUAGE_STANDARD = gnu11;
				GCC_NO_COMMON_BLOCKS = YES;
				GCC_WARN_64_TO_32_BIT_CONVERSION = YES;
				GCC_WARN_ABOUT_RETURN_TYPE = YES_ERROR;
				GCC_WARN_UNDECLARED_SELECTOR = YES;
				GCC_WARN_UNINITIALIZED_AUTOS = YES_AGGRESSIVE;
				GCC_WARN_UNUSED_FUNCTION = YES;
				GCC_WARN_UNUSED_VARIABLE = YES;
				IPHONEOS_DEPLOYMENT_TARGET = 14.5;
				MTL_ENABLE_DEBUG_INFO = NO;
				MTL_FAST_MATH = YES;
				SDKROOT = iphoneos;
				SWIFT_COMPILATION_MODE = wholemodule;
				SWIFT_OPTIMIZATION_LEVEL = "-O";
				VALIDATE_PRODUCT = YES;
			};
			name = Release;
		};
		650C19E226C4052C00B44191 /* Debug */ = {
			isa = XCBuildConfiguration;
			buildSettings = {
				ASSETCATALOG_COMPILER_APPICON_NAME = AppIcon;
				ASSETCATALOG_COMPILER_GLOBAL_ACCENT_COLOR_NAME = AccentColor;
				CODE_SIGN_STYLE = Automatic;
				INFOPLIST_FILE = TestingProject/Info.plist;
				LD_RUNPATH_SEARCH_PATHS = (
					"$(inherited)",
					"@executable_path/Frameworks",
				);
				PRODUCT_BUNDLE_IDENTIFIER = com.crytpo.TestingProject;
				PRODUCT_NAME = "$(TARGET_NAME)";
				SWIFT_VERSION = 5.0;
				TARGETED_DEVICE_FAMILY = "1,2";
			};
			name = Debug;
		};
		650C19E326C4052C00B44191 /* Release */ = {
			isa = XCBuildConfiguration;
			buildSettings = {
				ASSETCATALOG_COMPILER_APPICON_NAME = AppIcon;
				ASSETCATALOG_COMPILER_GLOBAL_ACCENT_COLOR_NAME = AccentColor;
				CODE_SIGN_STYLE = Automatic;
				INFOPLIST_FILE = TestingProject/Info.plist;
				LD_RUNPATH_SEARCH_PATHS = (
					"$(inherited)",
					"@executable_path/Frameworks",
				);
				PRODUCT_BUNDLE_IDENTIFIER = com.crytpo.TestingProject;
				PRODUCT_NAME = "$(TARGET_NAME)";
				SWIFT_VERSION = 5.0;
				TARGETED_DEVICE_FAMILY = "1,2";
			};
			name = Release;
		};
		650C19E526C4052C00B44191 /* Debug */ = {
			isa = XCBuildConfiguration;
			buildSettings = {
				ALWAYS_EMBED_SWIFT_STANDARD_LIBRARIES = YES;
				BUNDLE_LOADER = "$(TEST_HOST)";
				CODE_SIGN_STYLE = Automatic;
				INFOPLIST_FILE = TestingProjectTests/Info.plist;
				IPHONEOS_DEPLOYMENT_TARGET = 14.5;
				LD_RUNPATH_SEARCH_PATHS = (
					"$(inherited)",
					"@executable_path/Frameworks",
					"@loader_path/Frameworks",
				);
				PRODUCT_BUNDLE_IDENTIFIER = com.crytpo.TestingProjectTests;
				PRODUCT_NAME = "$(TARGET_NAME)";
				SWIFT_VERSION = 5.0;
				TARGETED_DEVICE_FAMILY = "1,2";
				TEST_HOST = "$(BUILT_PRODUCTS_DIR)/TestingProject.app/TestingProject";
			};
			name = Debug;
		};
		650C19E626C4052C00B44191 /* Release */ = {
			isa = XCBuildConfiguration;
			buildSettings = {
				ALWAYS_EMBED_SWIFT_STANDARD_LIBRARIES = YES;
				BUNDLE_LOADER = "$(TEST_HOST)";
				CODE_SIGN_STYLE = Automatic;
				INFOPLIST_FILE = TestingProjectTests/Info.plist;
				IPHONEOS_DEPLOYMENT_TARGET = 14.5;
				LD_RUNPATH_SEARCH_PATHS = (
					"$(inherited)",
					"@executable_path/Frameworks",
					"@loader_path/Frameworks",
				);
				PRODUCT_BUNDLE_IDENTIFIER = com.crytpo.TestingProjectTests;
				PRODUCT_NAME = "$(TARGET_NAME)";
				SWIFT_VERSION = 5.0;
				TARGETED_DEVICE_FAMILY = "1,2";
				TEST_HOST = "$(BUILT_PRODUCTS_DIR)/TestingProject.app/TestingProject";
			};
			name = Release;
		};
		650C19E826C4052C00B44191 /* Debug */ = {
			isa = XCBuildConfiguration;
			buildSettings = {
				ALWAYS_EMBED_SWIFT_STANDARD_LIBRARIES = YES;
				CODE_SIGN_STYLE = Automatic;
				INFOPLIST_FILE = TestingProjectUITests/Info.plist;
				LD_RUNPATH_SEARCH_PATHS = (
					"$(inherited)",
					"@executable_path/Frameworks",
					"@loader_path/Frameworks",
				);
				PRODUCT_BUNDLE_IDENTIFIER = com.crytpo.TestingProjectUITests;
				PRODUCT_NAME = "$(TARGET_NAME)";
				SWIFT_VERSION = 5.0;
				TARGETED_DEVICE_FAMILY = "1,2";
				TEST_TARGET_NAME = TestingProject;
			};
			name = Debug;
		};
		650C19E926C4052C00B44191 /* Release */ = {
			isa = XCBuildConfiguration;
			buildSettings = {
				ALWAYS_EMBED_SWIFT_STANDARD_LIBRARIES = YES;
				CODE_SIGN_STYLE = Automatic;
				INFOPLIST_FILE = TestingProjectUITests/Info.plist;
				LD_RUNPATH_SEARCH_PATHS = (
					"$(inherited)",
					"@executable_path/Frameworks",
					"@loader_path/Frameworks",
				);
				PRODUCT_BUNDLE_IDENTIFIER = com.crytpo.TestingProjectUITests;
				PRODUCT_NAME = "$(TARGET_NAME)";
				SWIFT_VERSION = 5.0;
				TARGETED_DEVICE_FAMILY = "1,2";
				TEST_TARGET_NAME = TestingProject;
			};
			name = Release;
		};
/* End XCBuildConfiguration section */

/* Begin XCConfigurationList section */
		650C19AF26C4052900B44191 /* Build configuration list for PBXProject "TestingProject" */ = {
			isa = XCConfigurationList;
			buildConfigurations = (
				650C19DF26C4052C00B44191 /* Debug */,
				650C19E026C4052C00B44191 /* Release */,
			);
			defaultConfigurationIsVisible = 0;
			defaultConfigurationName = Release;
		};
		650C19E126C4052C00B44191 /* Build configuration list for PBXNativeTarget "TestingProject" */ = {
			isa = XCConfigurationList;
			buildConfigurations = (
				650C19E226C4052C00B44191 /* Debug */,
				650C19E326C4052C00B44191 /* Release */,
			);
			defaultConfigurationIsVisible = 0;
			defaultConfigurationName = Release;
		};
		650C19E426C4052C00B44191 /* Build configuration list for PBXNativeTarget "TestingProjectTests" */ = {
			isa = XCConfigurationList;
			buildConfigurations = (
				650C19E526C4052C00B44191 /* Debug */,
				650C19E626C4052C00B44191 /* Release */,
			);
			defaultConfigurationIsVisible = 0;
			defaultConfigurationName = Release;
		};
		650C19E726C4052C00B44191 /* Build configuration list for PBXNativeTarget "TestingProjectUITests" */ = {
			isa = XCConfigurationList;
			buildConfigurations = (
				650C19E826C4052C00B44191 /* Debug */,
				650C19E926C4052C00B44191 /* Release */,
			);
			defaultConfigurationIsVisible = 0;
			defaultConfigurationName = Release;
		};
/* End XCConfigurationList section */

/* Begin XCVersionGroup section */
		650C19C026C4052900B44191 /* TestingProject.xcdatamodeld */ = {
			isa = XCVersionGroup;
			children = (
				650C19C126C4052900B44191 /* TestingProject.xcdatamodel */,
			);
			currentVersion = 650C19C126C4052900B44191 /* TestingProject.xcdatamodel */;
			path = TestingProject.xcdatamodeld;
			sourceTree = "<group>";
			versionGroupType = wrapper.xcdatamodel;
		};
/* End XCVersionGroup section */
	};
	rootObject = 650C19AC26C4052900B44191 /* Project object */;
}
